
Microsoft Visual Studio Solution File, Format Version 12.00
# Visual Studio Version 17
VisualStudioVersion = 17.14.36623.8 d17.14
MinimumVisualStudioVersion = 10.0.40219.1
Project("{FAE04EC0-301F-11D3-BF4B-00C04F79EFBC}") = "WalletApi", "WalletApi.csproj", "{DA6FEC33-2CDC-4C77-BACF-EB8231DDAFFE}"
EndProject
Global
	GlobalSection(SolutionConfigurationPlatforms) = preSolution
		Debug|Any CPU = Debug|Any CPU
		Release|Any CPU = Release|Any CPU
	EndGlobalSection
	GlobalSection(ProjectConfigurationPlatforms) = postSolution
		{DA6FEC33-2CDC-4C77-BACF-EB8231DDAFFE}.Debug|Any CPU.ActiveCfg = Debug|Any CPU
		{DA6FEC33-2CDC-4C77-BACF-EB8231DDAFFE}.Debug|Any CPU.Build.0 = Debug|Any CPU
		{DA6FEC33-2CDC-4C77-BACF-EB8231DDAFFE}.Release|Any CPU.ActiveCfg = Release|Any CPU
		{DA6FEC33-2CDC-4C77-BACF-EB8231DDAFFE}.Release|Any CPU.Build.0 = Release|Any CPU
	EndGlobalSection
	GlobalSection(SolutionProperties) = preSolution
		HideSolutionNode = FALSE
	EndGlobalSection
	GlobalSection(ExtensibilityGlobals) = postSolution
		SolutionGuid = {A93EB278-B198-4037-BA26-620D0D561E48}
	EndGlobalSection
EndGlobal
